// !$*UTF8*$!
{
	archiveVersion = 1;
	classes = {
	};
	objectVersion = 46;
	objects = {

/* Begin PBXBuildFile section */
		215EDAA71F2ADF9600DBF43D /* ZZAppTaskQueue.m in Sources */ = {isa = PBXBuildFile; fileRef = 215EDAA61F2ADF9600DBF43D /* ZZAppTaskQueue.m */; };
		215EDAAA1F2B1F7100DBF43D /* ZZAppAlertTaskQueue.m in Sources */ = {isa = PBXBuildFile; fileRef = 215EDAA91F2B1F7100DBF43D /* ZZAppAlertTaskQueue.m */; };
		2187CBF91F258DA500E7D1E4 /* main.m in Sources */ = {isa = PBXBuildFile; fileRef = 2187CBF81F258DA500E7D1E4 /* main.m */; };
		2187CBFC1F258DA500E7D1E4 /* AppDelegate.m in Sources */ = {isa = PBXBuildFile; fileRef = 2187CBFB1F258DA500E7D1E4 /* AppDelegate.m */; };
		2187CBFF1F258DA500E7D1E4 /* ViewController.m in Sources */ = {isa = PBXBuildFile; fileRef = 2187CBFE1F258DA500E7D1E4 /* ViewController.m */; };
		2187CC021F258DA500E7D1E4 /* Main.storyboard in Resources */ = {isa = PBXBuildFile; fileRef = 2187CC001F258DA500E7D1E4 /* Main.storyboard */; };
		2187CC041F258DA500E7D1E4 /* Assets.xcassets in Resources */ = {isa = PBXBuildFile; fileRef = 2187CC031F258DA500E7D1E4 /* Assets.xcassets */; };
		2187CC071F258DA500E7D1E4 /* LaunchScreen.storyboard in Resources */ = {isa = PBXBuildFile; fileRef = 2187CC051F258DA500E7D1E4 /* LaunchScreen.storyboard */; };
		2187CC121F258DA500E7D1E4 /* AppTaskQueueTestTests.m in Sources */ = {isa = PBXBuildFile; fileRef = 2187CC111F258DA500E7D1E4 /* AppTaskQueueTestTests.m */; };
		2187CC1D1F258DA500E7D1E4 /* AppTaskQueueTestUITests.m in Sources */ = {isa = PBXBuildFile; fileRef = 2187CC1C1F258DA500E7D1E4 /* AppTaskQueueTestUITests.m */; };
/* End PBXBuildFile section */

/* Begin PBXContainerItemProxy section */
		2187CC0E1F258DA500E7D1E4 /* PBXContainerItemProxy */ = {
			isa = PBXContainerItemProxy;
			containerPortal = 2187CBEC1F258DA500E7D1E4 /* Project object */;
			proxyType = 1;
			remoteGlobalIDString = 2187CBF31F258DA500E7D1E4;
			remoteInfo = AppTaskQueueTest;
		};
		2187CC191F258DA500E7D1E4 /* PBXContainerItemProxy */ = {
			isa = PBXContainerItemProxy;
			containerPortal = 2187CBEC1F258DA500E7D1E4 /* Project object */;
			proxyType = 1;
			remoteGlobalIDString = 2187CBF31F258DA500E7D1E4;
			remoteInfo = AppTaskQueueTest;
		};
/* End PBXContainerItemProxy section */

/* Begin PBXFileReference section */
		215EDAA51F2ADF9600DBF43D /* ZZAppTaskQueue.h */ = {isa = PBXFileReference; fileEncoding = 4; lastKnownFileType = sourcecode.c.h; path = ZZAppTaskQueue.h; sourceTree = "<group>"; };
		215EDAA61F2ADF9600DBF43D /* ZZAppTaskQueue.m */ = {isa = PBXFileReference; fileEncoding = 4; lastKnownFileType = sourcecode.c.objc; path = ZZAppTaskQueue.m; sourceTree = "<group>"; };
		215EDAA81F2B1F7100DBF43D /* ZZAppAlertTaskQueue.h */ = {isa = PBXFileReference; fileEncoding = 4; lastKnownFileType = sourcecode.c.h; path = ZZAppAlertTaskQueue.h; sourceTree = "<group>"; };
		215EDAA91F2B1F7100DBF43D /* ZZAppAlertTaskQueue.m */ = {isa = PBXFileReference; fileEncoding = 4; lastKnownFileType = sourcecode.c.objc; path = ZZAppAlertTaskQueue.m; sourceTree = "<group>"; };
		215EDAAB1F2B1FE600DBF43D /* singleton.h */ = {isa = PBXFileReference; fileEncoding = 4; lastKnownFileType = sourcecode.c.h; path = singleton.h; sourceTree = "<group>"; };
		2187CBF41F258DA500E7D1E4 /* AppTaskQueueTest.app */ = {isa = PBXFileReference; explicitFileType = wrapper.application; includeInIndex = 0; path = AppTaskQueueTest.app; sourceTree = BUILT_PRODUCTS_DIR; };
		2187CBF81F258DA500E7D1E4 /* main.m */ = {isa = PBXFileReference; lastKnownFileType = sourcecode.c.objc; path = main.m; sourceTree = "<group>"; };
		2187CBFA1F258DA500E7D1E4 /* AppDelegate.h */ = {isa = PBXFileReference; lastKnownFileType = sourcecode.c.h; path = AppDelegate.h; sourceTree = "<group>"; };
		2187CBFB1F258DA500E7D1E4 /* AppDelegate.m */ = {isa = PBXFileReference; lastKnownFileType = sourcecode.c.objc; path = AppDelegate.m; sourceTree = "<group>"; };
		2187CBFD1F258DA500E7D1E4 /* ViewController.h */ = {isa = PBXFileReference; lastKnownFileType = sourcecode.c.h; path = ViewController.h; sourceTree = "<group>"; };
		2187CBFE1F258DA500E7D1E4 /* ViewController.m */ = {isa = PBXFileReference; lastKnownFileType = sourcecode.c.objc; path = ViewController.m; sourceTree = "<group>"; };
		2187CC011F258DA500E7D1E4 /* Base */ = {isa = PBXFileReference; lastKnownFileType = file.storyboard; name = Base; path = Base.lproj/Main.storyboard; sourceTree = "<group>"; };
		2187CC031F258DA500E7D1E4 /* Assets.xcassets */ = {isa = PBXFileReference; lastKnownFileType = folder.assetcatalog; path = Assets.xcassets; sourceTree = "<group>"; };
		2187CC061F258DA500E7D1E4 /* Base */ = {isa = PBXFileReference; lastKnownFileType = file.storyboard; name = Base; path = Base.lproj/LaunchScreen.storyboard; sourceTree = "<group>"; };
		2187CC081F258DA500E7D1E4 /* Info.plist */ = {isa = PBXFileReference; lastKnownFileType = text.plist.xml; path = Info.plist; sourceTree = "<group>"; };
		2187CC0D1F258DA500E7D1E4 /* AppTaskQueueTestTests.xctest */ = {isa = PBXFileReference; explicitFileType = wrapper.cfbundle; includeInIndex = 0; path = AppTaskQueueTestTests.xctest; sourceTree = BUILT_PRODUCTS_DIR; };
		2187CC111F258DA500E7D1E4 /* AppTaskQueueTestTests.m */ = {isa = PBXFileReference; lastKnownFileType = sourcecode.c.objc; path = AppTaskQueueTestTests.m; sourceTree = "<group>"; };
		2187CC131F258DA500E7D1E4 /* Info.plist */ = {isa = PBXFileReference; lastKnownFileType = text.plist.xml; path = Info.plist; sourceTree = "<group>"; };
		2187CC181F258DA500E7D1E4 /* AppTaskQueueTestUITests.xctest */ = {isa = PBXFileReference; explicitFileType = wrapper.cfbundle; includeInIndex = 0; path = AppTaskQueueTestUITests.xctest; sourceTree = BUILT_PRODUCTS_DIR; };
		2187CC1C1F258DA500E7D1E4 /* AppTaskQueueTestUITests.m */ = {isa = PBXFileReference; lastKnownFileType = sourcecode.c.objc; path = AppTaskQueueTestUITests.m; sourceTree = "<group>"; };
		2187CC1E1F258DA500E7D1E4 /* Info.plist */ = {isa = PBXFileReference; lastKnownFileType = text.plist.xml; path = Info.plist; sourceTree = "<group>"; };
/* End PBXFileReference section */

/* Begin PBXFrameworksBuildPhase section */
		2187CBF11F258DA500E7D1E4 /* Frameworks */ = {
			isa = PBXFrameworksBuildPhase;
			buildActionMask = 2147483647;
			files = (
			);
			runOnlyForDeploymentPostprocessing = 0;
		};
		2187CC0A1F258DA500E7D1E4 /* Frameworks */ = {
			isa = PBXFrameworksBuildPhase;
			buildActionMask = 2147483647;
			files = (
			);
			runOnlyForDeploymentPostprocessing = 0;
		};
		2187CC151F258DA500E7D1E4 /* Frameworks */ = {
			isa = PBXFrameworksBuildPhase;
			buildActionMask = 2147483647;
			files = (
			);
			runOnlyForDeploymentPostprocessing = 0;
		};
/* End PBXFrameworksBuildPhase section */

/* Begin PBXGroup section */
		215EDAA11F2ADCDD00DBF43D /* Tasks */ = {
			isa = PBXGroup;
			children = (
				215EDAAB1F2B1FE600DBF43D /* singleton.h */,
				215EDAA51F2ADF9600DBF43D /* ZZAppTaskQueue.h */,
				215EDAA61F2ADF9600DBF43D /* ZZAppTaskQueue.m */,
				215EDAA81F2B1F7100DBF43D /* ZZAppAlertTaskQueue.h */,
				215EDAA91F2B1F7100DBF43D /* ZZAppAlertTaskQueue.m */,
			);
			path = Tasks;
			sourceTree = "<group>";
		};
		2187CBEB1F258DA500E7D1E4 = {
			isa = PBXGroup;
			children = (
				2187CBF61F258DA500E7D1E4 /* AppTaskQueueTest */,
				2187CC101F258DA500E7D1E4 /* AppTaskQueueTestTests */,
				2187CC1B1F258DA500E7D1E4 /* AppTaskQueueTestUITests */,
				2187CBF51F258DA500E7D1E4 /* Products */,
			);
			sourceTree = "<group>";
		};
		2187CBF51F258DA500E7D1E4 /* Products */ = {
			isa = PBXGroup;
			children = (
				2187CBF41F258DA500E7D1E4 /* AppTaskQueueTest.app */,
				2187CC0D1F258DA500E7D1E4 /* AppTaskQueueTestTests.xctest */,
				2187CC181F258DA500E7D1E4 /* AppTaskQueueTestUITests.xctest */,
			);
			name = Products;
			sourceTree = "<group>";
		};
		2187CBF61F258DA500E7D1E4 /* AppTaskQueueTest */ = {
			isa = PBXGroup;
			children = (
				215EDAA11F2ADCDD00DBF43D /* Tasks */,
				2187CBFA1F258DA500E7D1E4 /* AppDelegate.h */,
				2187CBFB1F258DA500E7D1E4 /* AppDelegate.m */,
				2187CBFD1F258DA500E7D1E4 /* ViewController.h */,
				2187CBFE1F258DA500E7D1E4 /* ViewController.m */,
				2187CC001F258DA500E7D1E4 /* Main.storyboard */,
				2187CC031F258DA500E7D1E4 /* Assets.xcassets */,
				2187CC051F258DA500E7D1E4 /* LaunchScreen.storyboard */,
				2187CC081F258DA500E7D1E4 /* Info.plist */,
				2187CBF71F258DA500E7D1E4 /* Supporting Files */,
			);
			path = AppTaskQueueTest;
			sourceTree = "<group>";
		};
		2187CBF71F258DA500E7D1E4 /* Supporting Files */ = {
			isa = PBXGroup;
			children = (
				2187CBF81F258DA500E7D1E4 /* main.m */,
			);
			name = "Supporting Files";
			sourceTree = "<group>";
		};
		2187CC101F258DA500E7D1E4 /* AppTaskQueueTestTests */ = {
			isa = PBXGroup;
			children = (
				2187CC111F258DA500E7D1E4 /* AppTaskQueueTestTests.m */,
				2187CC131F258DA500E7D1E4 /* Info.plist */,
			);
			path = AppTaskQueueTestTests;
			sourceTree = "<group>";
		};
		2187CC1B1F258DA500E7D1E4 /* AppTaskQueueTestUITests */ = {
			isa = PBXGroup;
			children = (
				2187CC1C1F258DA500E7D1E4 /* AppTaskQueueTestUITests.m */,
				2187CC1E1F258DA500E7D1E4 /* Info.plist */,
			);
			path = AppTaskQueueTestUITests;
			sourceTree = "<group>";
		};
/* End PBXGroup section */

/* Begin PBXNativeTarget section */
		2187CBF31F258DA500E7D1E4 /* AppTaskQueueTest */ = {
			isa = PBXNativeTarget;
			buildConfigurationList = 2187CC211F258DA500E7D1E4 /* Build configuration list for PBXNativeTarget "AppTaskQueueTest" */;
			buildPhases = (
				2187CBF01F258DA500E7D1E4 /* Sources */,
				2187CBF11F258DA500E7D1E4 /* Frameworks */,
				2187CBF21F258DA500E7D1E4 /* Resources */,
			);
			buildRules = (
			);
			dependencies = (
			);
			name = AppTaskQueueTest;
			productName = AppTaskQueueTest;
			productReference = 2187CBF41F258DA500E7D1E4 /* AppTaskQueueTest.app */;
			productType = "com.apple.product-type.application";
		};
		2187CC0C1F258DA500E7D1E4 /* AppTaskQueueTestTests */ = {
			isa = PBXNativeTarget;
			buildConfigurationList = 2187CC241F258DA500E7D1E4 /* Build configuration list for PBXNativeTarget "AppTaskQueueTestTests" */;
			buildPhases = (
				2187CC091F258DA500E7D1E4 /* Sources */,
				2187CC0A1F258DA500E7D1E4 /* Frameworks */,
				2187CC0B1F258DA500E7D1E4 /* Resources */,
			);
			buildRules = (
			);
			dependencies = (
				2187CC0F1F258DA500E7D1E4 /* PBXTargetDependency */,
			);
			name = AppTaskQueueTestTests;
			productName = AppTaskQueueTestTests;
			productReference = 2187CC0D1F258DA500E7D1E4 /* AppTaskQueueTestTests.xctest */;
			productType = "com.apple.product-type.bundle.unit-test";
		};
		2187CC171F258DA500E7D1E4 /* AppTaskQueueTestUITests */ = {
			isa = PBXNativeTarget;
			buildConfigurationList = 2187CC271F258DA500E7D1E4 /* Build configuration list for PBXNativeTarget "AppTaskQueueTestUITests" */;
			buildPhases = (
				2187CC141F258DA500E7D1E4 /* Sources */,
				2187CC151F258DA500E7D1E4 /* Frameworks */,
				2187CC161F258DA500E7D1E4 /* Resources */,
			);
			buildRules = (
			);
			dependencies = (
				2187CC1A1F258DA500E7D1E4 /* PBXTargetDependency */,
			);
			name = AppTaskQueueTestUITests;
			productName = AppTaskQueueTestUITests;
			productReference = 2187CC181F258DA500E7D1E4 /* AppTaskQueueTestUITests.xctest */;
			productType = "com.apple.product-type.bundle.ui-testing";
		};
/* End PBXNativeTarget section */

/* Begin PBXProject section */
		2187CBEC1F258DA500E7D1E4 /* Project object */ = {
			isa = PBXProject;
			attributes = {
				LastUpgradeCheck = 0830;
				ORGANIZATIONNAME = "陈中宝";
				TargetAttributes = {
					2187CBF31F258DA500E7D1E4 = {
						CreatedOnToolsVersion = 8.3.3;
						DevelopmentTeam = G9AP62BQZD;
						ProvisioningStyle = Automatic;
					};
					2187CC0C1F258DA500E7D1E4 = {
						CreatedOnToolsVersion = 8.3.3;
						DevelopmentTeam = G9AP62BQZD;
						ProvisioningStyle = Automatic;
						TestTargetID = 2187CBF31F258DA500E7D1E4;
					};
					2187CC171F258DA500E7D1E4 = {
						CreatedOnToolsVersion = 8.3.3;
						DevelopmentTeam = G9AP62BQZD;
						ProvisioningStyle = Automatic;
						TestTargetID = 2187CBF31F258DA500E7D1E4;
					};
				};
			};
			buildConfigurationList = 2187CBEF1F258DA500E7D1E4 /* Build configuration list for PBXProject "AppTaskQueueTest" */;
			compatibilityVersion = "Xcode 3.2";
			developmentRegion = English;
			hasScannedForEncodings = 0;
			knownRegions = (
				en,
				Base,
			);
			mainGroup = 2187CBEB1F258DA500E7D1E4;
			productRefGroup = 2187CBF51F258DA500E7D1E4 /* Products */;
			projectDirPath = "";
			projectRoot = "";
			targets = (
				2187CBF31F258DA500E7D1E4 /* AppTaskQueueTest */,
				2187CC0C1F258DA500E7D1E4 /* AppTaskQueueTestTests */,
				2187CC171F258DA500E7D1E4 /* AppTaskQueueTestUITests */,
			);
		};
/* End PBXProject section */

/* Begin PBXResourcesBuildPhase section */
		2187CBF21F258DA500E7D1E4 /* Resources */ = {
			isa = PBXResourcesBuildPhase;
			buildActionMask = 2147483647;
			files = (
				2187CC071F258DA500E7D1E4 /* LaunchScreen.storyboard in Resources */,
				2187CC041F258DA500E7D1E4 /* Assets.xcassets in Resources */,
				2187CC021F258DA500E7D1E4 /* Main.storyboard in Resources */,
			);
			runOnlyForDeploymentPostprocessing = 0;
		};
		2187CC0B1F258DA500E7D1E4 /* Resources */ = {
			isa = PBXResourcesBuildPhase;
			buildActionMask = 2147483647;
			files = (
			);
			runOnlyForDeploymentPostprocessing = 0;
		};
		2187CC161F258DA500E7D1E4 /* Resources */ = {
			isa = PBXResourcesBuildPhase;
			buildActionMask = 2147483647;
			files = (
			);
			runOnlyForDeploymentPostprocessing = 0;
		};
/* End PBXResourcesBuildPhase section */

/* Begin PBXSourcesBuildPhase section */
		2187CBF01F258DA500E7D1E4 /* Sources */ = {
			isa = PBXSourcesBuildPhase;
			buildActionMask = 2147483647;
			files = (
				2187CBFF1F258DA500E7D1E4 /* ViewController.m in Sources */,
				2187CBFC1F258DA500E7D1E4 /* AppDelegate.m in Sources */,
				215EDAA71F2ADF9600DBF43D /* ZZAppTaskQueue.m in Sources */,
				215EDAAA1F2B1F7100DBF43D /* ZZAppAlertTaskQueue.m in Sources */,
				2187CBF91F258DA500E7D1E4 /* main.m in Sources */,
			);
			runOnlyForDeploymentPostprocessing = 0;
		};
		2187CC091F258DA500E7D1E4 /* Sources */ = {
			isa = PBXSourcesBuildPhase;
			buildActionMask = 2147483647;
			files = (
				2187CC121F258DA500E7D1E4 /* AppTaskQueueTestTests.m in Sources */,
			);
			runOnlyForDeploymentPostprocessing = 0;
		};
		2187CC141F258DA500E7D1E4 /* Sources */ = {
			isa = PBXSourcesBuildPhase;
			buildActionMask = 2147483647;
			files = (
				2187CC1D1F258DA500E7D1E4 /* AppTaskQueueTestUITests.m in Sources */,
			);
			runOnlyForDeploymentPostprocessing = 0;
		};
/* End PBXSourcesBuildPhase section */

/* Begin PBXTargetDependency section */
		2187CC0F1F258DA500E7D1E4 /* PBXTargetDependency */ = {
			isa = PBXTargetDependency;
			target = 2187CBF31F258DA500E7D1E4 /* AppTaskQueueTest */;
			targetProxy = 2187CC0E1F258DA500E7D1E4 /* PBXContainerItemProxy */;
		};
		2187CC1A1F258DA500E7D1E4 /* PBXTargetDependency */ = {
			isa = PBXTargetDependency;
			target = 2187CBF31F258DA500E7D1E4 /* AppTaskQueueTest */;
			targetProxy = 2187CC191F258DA500E7D1E4 /* PBXContainerItemProxy */;
		};
/* End PBXTargetDependency section */

/* Begin PBXVariantGroup section */
		2187CC001F258DA500E7D1E4 /* Main.storyboard */ = {
			isa = PBXVariantGroup;
			children = (
				2187CC011F258DA500E7D1E4 /* Base */,
			);
			name = Main.storyboard;
			sourceTree = "<group>";
		};
		2187CC051F258DA500E7D1E4 /* LaunchScreen.storyboard */ = {
			isa = PBXVariantGroup;
			children = (
				2187CC061F258DA500E7D1E4 /* Base */,
			);
			name = LaunchScreen.storyboard;
			sourceTree = "<group>";
		};
/* End PBXVariantGroup section */

/* Begin XCBuildConfiguration section */
		2187CC1F1F258DA500E7D1E4 /* Debug */ = {
			isa = XCBuildConfiguration;
			buildSettings = {
				ALWAYS_SEARCH_USER_PATHS = NO;
				CLANG_ANALYZER_NONNULL = YES;
				CLANG_ANALYZER_NUMBER_OBJECT_CONVERSION = YES_AGGRESSIVE;
				CLANG_CXX_LANGUAGE_STANDARD = "gnu++0x";
				CLANG_CXX_LIBRARY = "libc++";
				CLANG_ENABLE_MODULES = YES;
				CLANG_ENABLE_OBJC_ARC = YES;
				CLANG_WARN_BOOL_CONVERSION = YES;
				CLANG_WARN_CONSTANT_CONVERSION = YES;
				CLANG_WARN_DIRECT_OBJC_ISA_USAGE = YES_ERROR;
				CLANG_WARN_DOCUMENTATION_COMMENTS = YES;
				CLANG_WARN_EMPTY_BODY = YES;
				CLANG_WARN_ENUM_CONVERSION = YES;
				CLANG_WARN_INFINITE_RECURSION = YES;
				CLANG_WARN_INT_CONVERSION = YES;
				CLANG_WARN_OBJC_ROOT_CLASS = YES_ERROR;
				CLANG_WARN_SUSPICIOUS_MOVE = YES;
				CLANG_WARN_UNREACHABLE_CODE = YES;
				CLANG_WARN__DUPLICATE_METHOD_MATCH = YES;
				"CODE_SIGN_IDENTITY[sdk=iphoneos*]" = "iPhone Developer";
				COPY_PHASE_STRIP = NO;
				DEBUG_INFORMATION_FORMAT = dwarf;
				ENABLE_STRICT_OBJC_MSGSEND = YES;
				ENABLE_TESTABILITY = YES;
				GCC_C_LANGUAGE_STANDARD = gnu99;
				GCC_DYNAMIC_NO_PIC = NO;
				GCC_NO_COMMON_BLOCKS = YES;
				GCC_OPTIMIZATION_LEVEL = 0;
				GCC_PREPROCESSOR_DEFINITIONS = (
					"DEBUG=1",
					"$(inherited)",
				);
				GCC_WARN_64_TO_32_BIT_CONVERSION = YES;
				GCC_WARN_ABOUT_RETURN_TYPE = YES_ERROR;
				GCC_WARN_UNDECLARED_SELECTOR = YES;
				GCC_WARN_UNINITIALIZED_AUTOS = YES_AGGRESSIVE;
				GCC_WARN_UNUSED_FUNCTION = YES;
				GCC_WARN_UNUSED_VARIABLE = YES;
				IPHONEOS_DEPLOYMENT_TARGET = 9.0;
				MTL_ENABLE_DEBUG_INFO = YES;
				ONLY_ACTIVE_ARCH = YES;
				SDKROOT = iphoneos;
				TARGETED_DEVICE_FAMILY = "1,2";
			};
			name = Debug;
		};
		2187CC201F258DA500E7D1E4 /* Release */ = {
			isa = XCBuildConfiguration;
			buildSettings = {
				ALWAYS_SEARCH_USER_PATHS = NO;
				CLANG_ANALYZER_NONNULL = YES;
				CLANG_ANALYZER_NUMBER_OBJECT_CONVERSION = YES_AGGRESSIVE;
				CLANG_CXX_LANGUAGE_STANDARD = "gnu++0x";
				CLANG_CXX_LIBRARY = "libc++";
				CLANG_ENABLE_MODULES = YES;
				CLANG_ENABLE_OBJC_ARC = YES;
				CLANG_WARN_BOOL_CONVERSION = YES;
				CLANG_WARN_CONSTANT_CONVERSION = YES;
				CLANG_WARN_DIRECT_OBJC_ISA_USAGE = YES_ERROR;
				CLANG_WARN_DOCUMENTATION_COMMENTS = YES;
				CLANG_WARN_EMPTY_BODY = YES;
				CLANG_WARN_ENUM_CONVERSION = YES;
				CLANG_WARN_INFINITE_RECURSION = YES;
				CLANG_WARN_INT_CONVERSION = YES;
				CLANG_WARN_OBJC_ROOT_CLASS = YES_ERROR;
				CLANG_WARN_SUSPICIOUS_MOVE = YES;
				CLANG_WARN_UNREACHABLE_CODE = YES;
				CLANG_WARN__DUPLICATE_METHOD_MATCH = YES;
				"CODE_SIGN_IDENTITY[sdk=iphoneos*]" = "iPhone Developer";
				COPY_PHASE_STRIP = NO;
				DEBUG_INFORMATION_FORMAT = "dwarf-with-dsym";
				ENABLE_NS_ASSERTIONS = NO;
				ENABLE_STRICT_OBJC_MSGSEND = YES;
				GCC_C_LANGUAGE_STANDARD = gnu99;
				GCC_NO_COMMON_BLOCKS = YES;
				GCC_WARN_64_TO_32_BIT_CONVERSION = YES;
				GCC_WARN_ABOUT_RETURN_TYPE = YES_ERROR;
				GCC_WARN_UNDECLARED_SELECTOR = YES;
				GCC_WARN_UNINITIALIZED_AUTOS = YES_AGGRESSIVE;
				GCC_WARN_UNUSED_FUNCTION = YES;
				GCC_WARN_UNUSED_VARIABLE = YES;
				IPHONEOS_DEPLOYMENT_TARGET = 9.0;
				MTL_ENABLE_DEBUG_INFO = NO;
				SDKROOT = iphoneos;
				TARGETED_DEVICE_FAMILY = "1,2";
				VALIDATE_PRODUCT = YES;
			};
			name = Release;
		};
		2187CC221F258DA500E7D1E4 /* Debug */ = {
			isa = XCBuildConfiguration;
			buildSettings = {
				ASSETCATALOG_COMPILER_APPICON_NAME = AppIcon;
				DEVELOPMENT_TEAM = G9AP62BQZD;
				INFOPLIST_FILE = AppTaskQueueTest/Info.plist;
				LD_RUNPATH_SEARCH_PATHS = "$(inherited) @executable_path/Frameworks";
				PRODUCT_BUNDLE_IDENTIFIER = "com.otc-tech.AppTaskQueueTest6";
				PRODUCT_NAME = "$(TARGET_NAME)";
			};
			name = Debug;
		};
		2187CC231F258DA500E7D1E4 /* Release */ = {
			isa = XCBuildConfiguration;
			buildSettings = {
				ASSETCATALOG_COMPILER_APPICON_NAME = AppIcon;
				DEVELOPMENT_TEAM = G9AP62BQZD;
				INFOPLIST_FILE = AppTaskQueueTest/Info.plist;
				LD_RUNPATH_SEARCH_PATHS = "$(inherited) @executable_path/Frameworks";
				PRODUCT_BUNDLE_IDENTIFIER = "com.otc-tech.AppTaskQueueTest6";
				PRODUCT_NAME = "$(TARGET_NAME)";
			};
			name = Release;
		};
		2187CC251F258DA500E7D1E4 /* Debug */ = {
			isa = XCBuildConfiguration;
			buildSettings = {
				BUNDLE_LOADER = "$(TEST_HOST)";
				DEVELOPMENT_TEAM = G9AP62BQZD;
				INFOPLIST_FILE = AppTaskQueueTestTests/Info.plist;
				LD_RUNPATH_SEARCH_PATHS = "$(inherited) @executable_path/Frameworks @loader_path/Frameworks";
				PRODUCT_BUNDLE_IDENTIFIER = "com.otc-tech.AppTaskQueueTestTests";
				PRODUCT_NAME = "$(TARGET_NAME)";
				TEST_HOST = "$(BUILT_PRODUCTS_DIR)/AppTaskQueueTest.app/AppTaskQueueTest";
			};
			name = Debug;
		};
		2187CC261F258DA500E7D1E4 /* Release */ = {
			isa = XCBuildConfiguration;
			buildSettings = {
				BUNDLE_LOADER = "$(TEST_HOST)";
				DEVELOPMENT_TEAM = G9AP62BQZD;
				INFOPLIST_FILE = AppTaskQueueTestTests/Info.plist;
				LD_RUNPATH_SEARCH_PATHS = "$(inherited) @executable_path/Frameworks @loader_path/Frameworks";
				PRODUCT_BUNDLE_IDENTIFIER = "com.otc-tech.AppTaskQueueTestTests";
				PRODUCT_NAME = "$(TARGET_NAME)";
				TEST_HOST = "$(BUILT_PRODUCTS_DIR)/AppTaskQueueTest.app/AppTaskQueueTest";
			};
			name = Release;
		};
		2187CC281F258DA500E7D1E4 /* Debug */ = {
			isa = XCBuildConfiguration;
			buildSettings = {
				DEVELOPMENT_TEAM = G9AP62BQZD;
				INFOPLIST_FILE = AppTaskQueueTestUITests/Info.plist;
				LD_RUNPATH_SEARCH_PATHS = "$(inherited) @executable_path/Frameworks @loader_path/Frameworks";
				PRODUCT_BUNDLE_IDENTIFIER = "com.otc-tech.AppTaskQueueTestUITests";
				PRODUCT_NAME = "$(TARGET_NAME)";
				TEST_TARGET_NAME = AppTaskQueueTest;
			};
			name = Debug;
		};
		2187CC291F258DA500E7D1E4 /* Release */ = {
			isa = XCBuildConfiguration;
			buildSettings = {
				DEVELOPMENT_TEAM = G9AP62BQZD;
				INFOPLIST_FILE = AppTaskQueueTestUITests/Info.plist;
				LD_RUNPATH_SEARCH_PATHS = "$(inherited) @executable_path/Frameworks @loader_path/Frameworks";
				PRODUCT_BUNDLE_IDENTIFIER = "com.otc-tech.AppTaskQueueTestUITests";
				PRODUCT_NAME = "$(TARGET_NAME)";
				TEST_TARGET_NAME = AppTaskQueueTest;
			};
			name = Release;
		};
/* End XCBuildConfiguration section */

/* Begin XCConfigurationList section */
		2187CBEF1F258DA500E7D1E4 /* Build configuration list for PBXProject "AppTaskQueueTest" */ = {
			isa = XCConfigurationList;
			buildConfigurations = (
				2187CC1F1F258DA500E7D1E4 /* Debug */,
				2187CC201F258DA500E7D1E4 /* Release */,
			);
			defaultConfigurationIsVisible = 0;
			defaultConfigurationName = Release;
		};
		2187CC211F258DA500E7D1E4 /* Build configuration list for PBXNativeTarget "AppTaskQueueTest" */ = {
			isa = XCConfigurationList;
			buildConfigurations = (
				2187CC221F258DA500E7D1E4 /* Debug */,
				2187CC231F258DA500E7D1E4 /* Release */,
			);
			defaultConfigurationIsVisible = 0;
			defaultConfigurationName = Release;
		};
		2187CC241F258DA500E7D1E4 /* Build configuration list for PBXNativeTarget "AppTaskQueueTestTests" */ = {
			isa = XCConfigurationList;
			buildConfigurations = (
				2187CC251F258DA500E7D1E4 /* Debug */,
				2187CC261F258DA500E7D1E4 /* Release */,
			);
			defaultConfigurationIsVisible = 0;
			defaultConfigurationName = Release;
		};
		2187CC271F258DA500E7D1E4 /* Build configuration list for PBXNativeTarget "AppTaskQueueTestUITests" */ = {
			isa = XCConfigurationList;
			buildConfigurations = (
				2187CC281F258DA500E7D1E4 /* Debug */,
				2187CC291F258DA500E7D1E4 /* Release */,
			);
			defaultConfigurationIsVisible = 0;
			defaultConfigurationName = Release;
		};
/* End XCConfigurationList section */
	};
	rootObject = 2187CBEC1F258DA500E7D1E4 /* Project object */;
}
