PODS:
  - BA_GlobalConfigPOD (0.1.2)
  - BB_BaseClassPOD (0.1.3)
  - BC_BasicToolPOD (0.1.3)
  - ZZContainerPOD (2.0.3)

DEPENDENCIES:
  - BA_GlobalConfigPOD (~> 0.1.2)
  - BB_BaseClassPOD (~> 0.1.3)
  - BC_BasicToolPOD (~> 0.1.3)
  - ZZContainerPOD (~> 2.0.3)

SPEC CHECKSUMS:
  BA_GlobalConfigPOD: 85ab69ddc646da4b669610e76d60649bbcc6748b
  BB_BaseClassPOD: b07c98eb23ae0fb91c27213bfe8bd84ea2378388
  BC_BasicToolPOD: 11ff459895a405e952238592c23226d43f76b1a0
  ZZContainerPOD: bceb60a6549ad3d20bed9cfd1c3906a0c9115633

PODFILE CHECKSUM: fdb5344def584cae866ac0405ea725cd17c38ff3

COCOAPODS: 1.2.1
